
Microsoft Visual Studio Solution File, Format Version 12.00
# Visual Studio 15
VisualStudioVersion = 15.0.28307.572
MinimumVisualStudioVersion = 10.0.40219.1
Project("{FAE04EC0-301F-11D3-BF4B-00C04F79EFBC}") = "WindowsFormsApp1", "WindowsFormsApp1\WindowsFormsApp1.csproj", "{935C20EF-0DFE-4210-8470-D77AFD85F164}"
EndProject
Global
	GlobalSection(SolutionConfigurationPlatforms) = preSolution
		Debug|Any CPU = Debug|Any CPU
		Release|Any CPU = Release|Any CPU
	EndGlobalSection
	GlobalSection(ProjectConfigurationPlatforms) = postSolution
		{935C20EF-0DFE-4210-8470-D77AFD85F164}.Debug|Any CPU.ActiveCfg = Debug|Any CPU
		{935C20EF-0DFE-4210-8470-D77AFD85F164}.Debug|Any CPU.Build.0 = Debug|Any CPU
		{935C20EF-0DFE-4210-8470-D77AFD85F164}.Release|Any CPU.ActiveCfg = Release|Any CPU
		{935C20EF-0DFE-4210-8470-D77AFD85F164}.Release|Any CPU.Build.0 = Release|Any CPU
	EndGlobalSection
	GlobalSection(SolutionProperties) = preSolution
		HideSolutionNode = FALSE
	EndGlobalSection
	GlobalSection(ExtensibilityGlobals) = postSolution
		SolutionGuid = {B81EEA84-7D94-49F3-BD11-24624C837E51}
	EndGlobalSection
EndGlobal
